
Microsoft Visual Studio Solution File, Format Version 12.00
# Visual Studio Version 17
VisualStudioVersion = 17.11.35431.28
MinimumVisualStudioVersion = 10.0.40219.1
Project("{FAE04EC0-301F-11D3-BF4B-00C04F79EFBC}") = "Hata_Kontrolleri", "Hata_Kontrolleri\Hata_Kontrolleri.csproj", "{CAE1E980-F1BF-4344-AE91-37A645F105BD}"
EndProject
Global
	GlobalSection(SolutionConfigurationPlatforms) = preSolution
		Debug|Any CPU = Debug|Any CPU
		Release|Any CPU = Release|Any CPU
	EndGlobalSection
	GlobalSection(ProjectConfigurationPlatforms) = postSolution
		{CAE1E980-F1BF-4344-AE91-37A645F105BD}.Debug|Any CPU.ActiveCfg = Debug|Any CPU
		{CAE1E980-F1BF-4344-AE91-37A645F105BD}.Debug|Any CPU.Build.0 = Debug|Any CPU
		{CAE1E980-F1BF-4344-AE91-37A645F105BD}.Release|Any CPU.ActiveCfg = Release|Any CPU
		{CAE1E980-F1BF-4344-AE91-37A645F105BD}.Release|Any CPU.Build.0 = Release|Any CPU
	EndGlobalSection
	GlobalSection(SolutionProperties) = preSolution
		HideSolutionNode = FALSE
	EndGlobalSection
	GlobalSection(ExtensibilityGlobals) = postSolution
		SolutionGuid = {937B845F-B77B-4070-AE87-DEF8A195E93F}
	EndGlobalSection
EndGlobal
